
Microsoft Visual Studio Solution File, Format Version 12.00
# Visual Studio 14
VisualStudioVersion = 14.0.25420.1
MinimumVisualStudioVersion = 10.0.40219.1
Project("{FAE04EC0-301F-11D3-BF4B-00C04F79EFBC}") = "TrainsInfo.DataParser.JointAllVagon", "TrainsInfo.DataParser.JointAllVagon\TrainsInfo.DataParser.JointAllVagon.csproj", "{956065E2-6D76-4A74-977B-8563C3218ED2}"
EndProject
Project("{FAE04EC0-301F-11D3-BF4B-00C04F79EFBC}") = "TrainsInfo.DataParser.AllFactTrains", "TrainsInfo.DataParser.AllFactTrains\TrainsInfo.DataParser.AllFactTrains.csproj", "{33CEB576-4F58-4C57-8322-1C92966C0041}"
EndProject
Project("{FAE04EC0-301F-11D3-BF4B-00C04F79EFBC}") = "TrainsInfo.DataParser.NodeRF", "TrainsInfo.DataParser.NoneRF\TrainsInfo.DataParser.NodeRF.csproj", "{AAD0F2E7-E8E9-4F7C-9CEF-5F3A0AA02541}"
EndProject
Project("{FAE04EC0-301F-11D3-BF4B-00C04F79EFBC}") = "TrainsInfo.DataParser.NodeTR", "TrainsInfo.DataParser.NoneTR\TrainsInfo.DataParser.NodeTR.csproj", "{761BC860-9D24-4951-BF4F-5E9DF44569BF}"
EndProject
Project("{FAE04EC0-301F-11D3-BF4B-00C04F79EFBC}") = "TrainsInfo.DataParser.NodeOT", "TrainsInfo.DataParser.NoneOT\TrainsInfo.DataParser.NodeOT.csproj", "{D8498196-A125-49A3-99E2-D9638C25D03F}"
EndProject
Project("{FAE04EC0-301F-11D3-BF4B-00C04F79EFBC}") = "TrainsInfo.DataParser.AreaGargo", "TrainsInfo.DataParser.AreaGargo\TrainsInfo.DataParser.AreaGargo.csproj", "{A39454A4-524E-4D24-AF3D-EFE405F730F1}"
EndProject
Project("{FAE04EC0-301F-11D3-BF4B-00C04F79EFBC}") = "TrainsInfo.DataParser.AreaPass", "TrainsInfo.DataParser.AreaPass\TrainsInfo.DataParser.AreaPass.csproj", "{EE3BC92E-4B00-4F7A-905A-60AB7C5468EE}"
EndProject
Project("{FAE04EC0-301F-11D3-BF4B-00C04F79EFBC}") = "TrainsInfo.DataParser.PassOpz", "TrainsInfo.DataParser.PassOpz\TrainsInfo.DataParser.PassOpz.csproj", "{4000FDB2-542C-48F2-A15E-AC185C7B60CD}"
EndProject
Project("{FAE04EC0-301F-11D3-BF4B-00C04F79EFBC}") = "TrainsInfo.DataParser.Vostok_Zapad", "TrainsInfo.DataParser.Vostok_Zapad\TrainsInfo.DataParser.Vostok_Zapad.csproj", "{DC51EB1B-E001-429B-9BFC-4A74B41124B1}"
EndProject
Project("{FAE04EC0-301F-11D3-BF4B-00C04F79EFBC}") = "TrainsInfo.DataParser.Zapad_Vostok", "TrainsInfo.DataParser.Zapad_Vostok\TrainsInfo.DataParser.Zapad_Vostok.csproj", "{4EE89586-2ECB-4FDA-85B5-66FC1D51C7D5}"
EndProject
Project("{FAE04EC0-301F-11D3-BF4B-00C04F79EFBC}") = "TrainsInfo.DataParser.AreaSub", "TrainsInfo.DataParser.AreaSub\TrainsInfo.DataParser.AreaSub.csproj", "{F918EED2-D046-462A-A083-E5AE32B3BDF4}"
EndProject
Project("{FAE04EC0-301F-11D3-BF4B-00C04F79EFBC}") = "TrainsInfo.DataParser.BroshPoezd", "TrainsInfo.DataParser.BroshPoezd\TrainsInfo.DataParser.BroshPoezd.csproj", "{17E86BEB-D13F-4376-864C-C80905D4F5B9}"
EndProject
Project("{FAE04EC0-301F-11D3-BF4B-00C04F79EFBC}") = "TrainsInfo.DataParser.GruzRabota", "TrainsInfo.DataParser.GruzRabota\TrainsInfo.DataParser.GruzRabota.csproj", "{0F1458FF-49E9-4147-BA88-DA6DB6B4FE9F}"
EndProject
Project("{FAE04EC0-301F-11D3-BF4B-00C04F79EFBC}") = "TrainsInfo.DataParser.Lok_nod", "TrainsInfo.DataParser.Lok_nod\TrainsInfo.DataParser.Lok_nod.csproj", "{5B4E3E51-B101-4391-93CF-DE1083DAEEB6}"
EndProject
Project("{FAE04EC0-301F-11D3-BF4B-00C04F79EFBC}") = "TrainsInfo.DataParser.Lok_ojto2", "TrainsInfo.DataParser.Lok_ojto2\TrainsInfo.DataParser.Lok_ojto2.csproj", "{BBEDD79D-B0B3-44A6-A703-49B20E0774B7}"
EndProject
Project("{FAE04EC0-301F-11D3-BF4B-00C04F79EFBC}") = "TrainsInfo.DataParser.Lok_styk", "TrainsInfo.DataParser.Lok_styk\TrainsInfo.DataParser.Lok_styk.csproj", "{C710B036-4236-4C31-AB0F-F2D2803FC5E6}"
EndProject
Project("{FAE04EC0-301F-11D3-BF4B-00C04F79EFBC}") = "TrainsInfo.DataParser.Peredacha", "TrainsInfo.DataParser.Peredacha\TrainsInfo.DataParser.Peredacha.csproj", "{B27FF855-5049-40A1-A796-8E9DEE4633AA}"
EndProject
Project("{FAE04EC0-301F-11D3-BF4B-00C04F79EFBC}") = "TrainsInfo.DataParser.Razvoz", "TrainsInfo.DataParser.Razvoz\TrainsInfo.DataParser.Razvoz.csproj", "{8C748BD4-9DDA-4963-9556-E6FD97BA1542}"
EndProject
Project("{FAE04EC0-301F-11D3-BF4B-00C04F79EFBC}") = "TrainsInfo.DataParser.REG_TAB", "TrainsInfo.DataParser.REG_TAB\TrainsInfo.DataParser.REG_TAB.csproj", "{88516590-9FB7-48B6-8BDB-F631D546C5D0}"
EndProject
Project("{FAE04EC0-301F-11D3-BF4B-00C04F79EFBC}") = "TrainsInfo.DataParser.USOGDP", "TrainsInfo.DataParser.USOGDP\TrainsInfo.DataParser.USOGDP.csproj", "{95330F3A-59D6-498F-B691-ED7CD205E269}"
EndProject
Global
	GlobalSection(SolutionConfigurationPlatforms) = preSolution
		Debug|Any CPU = Debug|Any CPU
		Release|Any CPU = Release|Any CPU
	EndGlobalSection
	GlobalSection(ProjectConfigurationPlatforms) = postSolution
		{956065E2-6D76-4A74-977B-8563C3218ED2}.Debug|Any CPU.ActiveCfg = Debug|Any CPU
		{956065E2-6D76-4A74-977B-8563C3218ED2}.Debug|Any CPU.Build.0 = Debug|Any CPU
		{956065E2-6D76-4A74-977B-8563C3218ED2}.Release|Any CPU.ActiveCfg = Release|Any CPU
		{956065E2-6D76-4A74-977B-8563C3218ED2}.Release|Any CPU.Build.0 = Release|Any CPU
		{33CEB576-4F58-4C57-8322-1C92966C0041}.Debug|Any CPU.ActiveCfg = Debug|Any CPU
		{33CEB576-4F58-4C57-8322-1C92966C0041}.Debug|Any CPU.Build.0 = Debug|Any CPU
		{33CEB576-4F58-4C57-8322-1C92966C0041}.Release|Any CPU.ActiveCfg = Release|Any CPU
		{33CEB576-4F58-4C57-8322-1C92966C0041}.Release|Any CPU.Build.0 = Release|Any CPU
		{AAD0F2E7-E8E9-4F7C-9CEF-5F3A0AA02541}.Debug|Any CPU.ActiveCfg = Debug|Any CPU
		{AAD0F2E7-E8E9-4F7C-9CEF-5F3A0AA02541}.Debug|Any CPU.Build.0 = Debug|Any CPU
		{AAD0F2E7-E8E9-4F7C-9CEF-5F3A0AA02541}.Release|Any CPU.ActiveCfg = Release|Any CPU
		{AAD0F2E7-E8E9-4F7C-9CEF-5F3A0AA02541}.Release|Any CPU.Build.0 = Release|Any CPU
		{761BC860-9D24-4951-BF4F-5E9DF44569BF}.Debug|Any CPU.ActiveCfg = Debug|Any CPU
		{761BC860-9D24-4951-BF4F-5E9DF44569BF}.Debug|Any CPU.Build.0 = Debug|Any CPU
		{761BC860-9D24-4951-BF4F-5E9DF44569BF}.Release|Any CPU.ActiveCfg = Release|Any CPU
		{761BC860-9D24-4951-BF4F-5E9DF44569BF}.Release|Any CPU.Build.0 = Release|Any CPU
		{D8498196-A125-49A3-99E2-D9638C25D03F}.Debug|Any CPU.ActiveCfg = Debug|Any CPU
		{D8498196-A125-49A3-99E2-D9638C25D03F}.Debug|Any CPU.Build.0 = Debug|Any CPU
		{D8498196-A125-49A3-99E2-D9638C25D03F}.Release|Any CPU.ActiveCfg = Release|Any CPU
		{D8498196-A125-49A3-99E2-D9638C25D03F}.Release|Any CPU.Build.0 = Release|Any CPU
		{A39454A4-524E-4D24-AF3D-EFE405F730F1}.Debug|Any CPU.ActiveCfg = Debug|Any CPU
		{A39454A4-524E-4D24-AF3D-EFE405F730F1}.Debug|Any CPU.Build.0 = Debug|Any CPU
		{A39454A4-524E-4D24-AF3D-EFE405F730F1}.Release|Any CPU.ActiveCfg = Release|Any CPU
		{A39454A4-524E-4D24-AF3D-EFE405F730F1}.Release|Any CPU.Build.0 = Release|Any CPU
		{EE3BC92E-4B00-4F7A-905A-60AB7C5468EE}.Debug|Any CPU.ActiveCfg = Debug|Any CPU
		{EE3BC92E-4B00-4F7A-905A-60AB7C5468EE}.Debug|Any CPU.Build.0 = Debug|Any CPU
		{EE3BC92E-4B00-4F7A-905A-60AB7C5468EE}.Release|Any CPU.ActiveCfg = Release|Any CPU
		{EE3BC92E-4B00-4F7A-905A-60AB7C5468EE}.Release|Any CPU.Build.0 = Release|Any CPU
		{4000FDB2-542C-48F2-A15E-AC185C7B60CD}.Debug|Any CPU.ActiveCfg = Debug|Any CPU
		{4000FDB2-542C-48F2-A15E-AC185C7B60CD}.Debug|Any CPU.Build.0 = Debug|Any CPU
		{4000FDB2-542C-48F2-A15E-AC185C7B60CD}.Release|Any CPU.ActiveCfg = Release|Any CPU
		{4000FDB2-542C-48F2-A15E-AC185C7B60CD}.Release|Any CPU.Build.0 = Release|Any CPU
		{DC51EB1B-E001-429B-9BFC-4A74B41124B1}.Debug|Any CPU.ActiveCfg = Debug|Any CPU
		{DC51EB1B-E001-429B-9BFC-4A74B41124B1}.Debug|Any CPU.Build.0 = Debug|Any CPU
		{DC51EB1B-E001-429B-9BFC-4A74B41124B1}.Release|Any CPU.ActiveCfg = Release|Any CPU
		{DC51EB1B-E001-429B-9BFC-4A74B41124B1}.Release|Any CPU.Build.0 = Release|Any CPU
		{4EE89586-2ECB-4FDA-85B5-66FC1D51C7D5}.Debug|Any CPU.ActiveCfg = Debug|Any CPU
		{4EE89586-2ECB-4FDA-85B5-66FC1D51C7D5}.Debug|Any CPU.Build.0 = Debug|Any CPU
		{4EE89586-2ECB-4FDA-85B5-66FC1D51C7D5}.Release|Any CPU.ActiveCfg = Release|Any CPU
		{4EE89586-2ECB-4FDA-85B5-66FC1D51C7D5}.Release|Any CPU.Build.0 = Release|Any CPU
		{F918EED2-D046-462A-A083-E5AE32B3BDF4}.Debug|Any CPU.ActiveCfg = Debug|Any CPU
		{F918EED2-D046-462A-A083-E5AE32B3BDF4}.Debug|Any CPU.Build.0 = Debug|Any CPU
		{F918EED2-D046-462A-A083-E5AE32B3BDF4}.Release|Any CPU.ActiveCfg = Release|Any CPU
		{F918EED2-D046-462A-A083-E5AE32B3BDF4}.Release|Any CPU.Build.0 = Release|Any CPU
		{17E86BEB-D13F-4376-864C-C80905D4F5B9}.Debug|Any CPU.ActiveCfg = Debug|Any CPU
		{17E86BEB-D13F-4376-864C-C80905D4F5B9}.Debug|Any CPU.Build.0 = Debug|Any CPU
		{17E86BEB-D13F-4376-864C-C80905D4F5B9}.Release|Any CPU.ActiveCfg = Release|Any CPU
		{17E86BEB-D13F-4376-864C-C80905D4F5B9}.Release|Any CPU.Build.0 = Release|Any CPU
		{0F1458FF-49E9-4147-BA88-DA6DB6B4FE9F}.Debug|Any CPU.ActiveCfg = Debug|Any CPU
		{0F1458FF-49E9-4147-BA88-DA6DB6B4FE9F}.Debug|Any CPU.Build.0 = Debug|Any CPU
		{0F1458FF-49E9-4147-BA88-DA6DB6B4FE9F}.Release|Any CPU.ActiveCfg = Release|Any CPU
		{0F1458FF-49E9-4147-BA88-DA6DB6B4FE9F}.Release|Any CPU.Build.0 = Release|Any CPU
		{5B4E3E51-B101-4391-93CF-DE1083DAEEB6}.Debug|Any CPU.ActiveCfg = Debug|Any CPU
		{5B4E3E51-B101-4391-93CF-DE1083DAEEB6}.Debug|Any CPU.Build.0 = Debug|Any CPU
		{5B4E3E51-B101-4391-93CF-DE1083DAEEB6}.Release|Any CPU.ActiveCfg = Release|Any CPU
		{5B4E3E51-B101-4391-93CF-DE1083DAEEB6}.Release|Any CPU.Build.0 = Release|Any CPU
		{BBEDD79D-B0B3-44A6-A703-49B20E0774B7}.Debug|Any CPU.ActiveCfg = Debug|Any CPU
		{BBEDD79D-B0B3-44A6-A703-49B20E0774B7}.Debug|Any CPU.Build.0 = Debug|Any CPU
		{BBEDD79D-B0B3-44A6-A703-49B20E0774B7}.Release|Any CPU.ActiveCfg = Release|Any CPU
		{BBEDD79D-B0B3-44A6-A703-49B20E0774B7}.Release|Any CPU.Build.0 = Release|Any CPU
		{C710B036-4236-4C31-AB0F-F2D2803FC5E6}.Debug|Any CPU.ActiveCfg = Debug|Any CPU
		{C710B036-4236-4C31-AB0F-F2D2803FC5E6}.Debug|Any CPU.Build.0 = Debug|Any CPU
		{C710B036-4236-4C31-AB0F-F2D2803FC5E6}.Release|Any CPU.ActiveCfg = Release|Any CPU
		{C710B036-4236-4C31-AB0F-F2D2803FC5E6}.Release|Any CPU.Build.0 = Release|Any CPU
		{B27FF855-5049-40A1-A796-8E9DEE4633AA}.Debug|Any CPU.ActiveCfg = Debug|Any CPU
		{B27FF855-5049-40A1-A796-8E9DEE4633AA}.Debug|Any CPU.Build.0 = Debug|Any CPU
		{B27FF855-5049-40A1-A796-8E9DEE4633AA}.Release|Any CPU.ActiveCfg = Release|Any CPU
		{B27FF855-5049-40A1-A796-8E9DEE4633AA}.Release|Any CPU.Build.0 = Release|Any CPU
		{8C748BD4-9DDA-4963-9556-E6FD97BA1542}.Debug|Any CPU.ActiveCfg = Debug|Any CPU
		{8C748BD4-9DDA-4963-9556-E6FD97BA1542}.Debug|Any CPU.Build.0 = Debug|Any CPU
		{8C748BD4-9DDA-4963-9556-E6FD97BA1542}.Release|Any CPU.ActiveCfg = Release|Any CPU
		{8C748BD4-9DDA-4963-9556-E6FD97BA1542}.Release|Any CPU.Build.0 = Release|Any CPU
		{88516590-9FB7-48B6-8BDB-F631D546C5D0}.Debug|Any CPU.ActiveCfg = Debug|Any CPU
		{88516590-9FB7-48B6-8BDB-F631D546C5D0}.Debug|Any CPU.Build.0 = Debug|Any CPU
		{88516590-9FB7-48B6-8BDB-F631D546C5D0}.Release|Any CPU.ActiveCfg = Release|Any CPU
		{88516590-9FB7-48B6-8BDB-F631D546C5D0}.Release|Any CPU.Build.0 = Release|Any CPU
		{95330F3A-59D6-498F-B691-ED7CD205E269}.Debug|Any CPU.ActiveCfg = Debug|Any CPU
		{95330F3A-59D6-498F-B691-ED7CD205E269}.Debug|Any CPU.Build.0 = Debug|Any CPU
		{95330F3A-59D6-498F-B691-ED7CD205E269}.Release|Any CPU.ActiveCfg = Release|Any CPU
		{95330F3A-59D6-498F-B691-ED7CD205E269}.Release|Any CPU.Build.0 = Release|Any CPU
	EndGlobalSection
	GlobalSection(SolutionProperties) = preSolution
		HideSolutionNode = FALSE
	EndGlobalSection
EndGlobal
